
Microsoft Visual Studio Solution File, Format Version 12.00
# Visual Studio Version 17
VisualStudioVersion = 17.9.34902.65
MinimumVisualStudioVersion = 10.0.40219.1
Project("{9A19103F-16F7-4668-BE54-9A1E7A4F7556}") = "PayloadGenerator", "PBIPayloadGenerator\PayloadGenerator.csproj", "{0F4FF0EF-43AD-4027-A6FE-A479815F04B5}"
EndProject
Project("{9A19103F-16F7-4668-BE54-9A1E7A4F7556}") = "PBIEmbedGenerator", "PBIEmbedGenerator\PBIEmbedGenerator.csproj", "{70686819-FAAA-477F-8445-B4735CB97229}"
EndProject
Global
	GlobalSection(SolutionConfigurationPlatforms) = preSolution
		Debug|Any CPU = Debug|Any CPU
		Release|Any CPU = Release|Any CPU
	EndGlobalSection
	GlobalSection(ProjectConfigurationPlatforms) = postSolution
		{0F4FF0EF-43AD-4027-A6FE-A479815F04B5}.Debug|Any CPU.ActiveCfg = Debug|Any CPU
		{0F4FF0EF-43AD-4027-A6FE-A479815F04B5}.Debug|Any CPU.Build.0 = Debug|Any CPU
		{0F4FF0EF-43AD-4027-A6FE-A479815F04B5}.Release|Any CPU.ActiveCfg = Release|Any CPU
		{0F4FF0EF-43AD-4027-A6FE-A479815F04B5}.Release|Any CPU.Build.0 = Release|Any CPU
		{70686819-FAAA-477F-8445-B4735CB97229}.Debug|Any CPU.ActiveCfg = Debug|Any CPU
		{70686819-FAAA-477F-8445-B4735CB97229}.Debug|Any CPU.Build.0 = Debug|Any CPU
		{70686819-FAAA-477F-8445-B4735CB97229}.Release|Any CPU.ActiveCfg = Release|Any CPU
		{70686819-FAAA-477F-8445-B4735CB97229}.Release|Any CPU.Build.0 = Release|Any CPU
	EndGlobalSection
	GlobalSection(SolutionProperties) = preSolution
		HideSolutionNode = FALSE
	EndGlobalSection
	GlobalSection(ExtensibilityGlobals) = postSolution
		SolutionGuid = {CC1EEFA3-1469-4BA0-815E-FA091FDC8F24}
	EndGlobalSection
EndGlobal
