Microsoft Visual Studio Solution File, Format Version 12.00
# Visual Studio Version 17
VisualStudioVersion = 17.5.2.0
MinimumVisualStudioVersion = 10.0.40219.1
Project("{FAE04EC0-301F-11D3-BF4B-00C04F79EFBC}") = "BcAdminMcpProxy", "BcAdminMcpProxy.csproj", "{1E3644C1-2D8A-F0A7-E610-02929373052D}"
EndProject
Global
	GlobalSection(SolutionConfigurationPlatforms) = preSolution
		Debug|Any CPU = Debug|Any CPU
		Release|Any CPU = Release|Any CPU
	EndGlobalSection
	GlobalSection(ProjectConfigurationPlatforms) = postSolution
		{1E3644C1-2D8A-F0A7-E610-02929373052D}.Debug|Any CPU.ActiveCfg = Debug|Any CPU
		{1E3644C1-2D8A-F0A7-E610-02929373052D}.Debug|Any CPU.Build.0 = Debug|Any CPU
		{1E3644C1-2D8A-F0A7-E610-02929373052D}.Release|Any CPU.ActiveCfg = Release|Any CPU
		{1E3644C1-2D8A-F0A7-E610-02929373052D}.Release|Any CPU.Build.0 = Release|Any CPU
	EndGlobalSection
	GlobalSection(SolutionProperties) = preSolution
		HideSolutionNode = FALSE
	EndGlobalSection
	GlobalSection(ExtensibilityGlobals) = postSolution
		SolutionGuid = {783DCFD0-79AD-476E-B5E2-E3837AB1DBD8}
	EndGlobalSection
EndGlobal
