
Microsoft Visual Studio Solution File, Format Version 12.00
# Visual Studio Version 16
VisualStudioVersion = 16.0.32802.440
MinimumVisualStudioVersion = 10.0.40219.1
Project("{9A19103F-16F7-4668-BE54-9A1E7A4F7556}") = "CustomTelemetryHandler", "CustomTelemetryHandler.csproj", "{65DD1428-BB14-44DE-9102-CB6734848B00}"
EndProject
Global
	GlobalSection(SolutionConfigurationPlatforms) = preSolution
		Debug|Any CPU = Debug|Any CPU
		Release|Any CPU = Release|Any CPU
	EndGlobalSection
	GlobalSection(ProjectConfigurationPlatforms) = postSolution
		{65DD1428-BB14-44DE-9102-CB6734848B00}.Debug|Any CPU.ActiveCfg = Debug|Any CPU
		{65DD1428-BB14-44DE-9102-CB6734848B00}.Debug|Any CPU.Build.0 = Debug|Any CPU
		{65DD1428-BB14-44DE-9102-CB6734848B00}.Release|Any CPU.ActiveCfg = Release|Any CPU
		{65DD1428-BB14-44DE-9102-CB6734848B00}.Release|Any CPU.Build.0 = Release|Any CPU
	EndGlobalSection
	GlobalSection(SolutionProperties) = preSolution
		HideSolutionNode = FALSE
	EndGlobalSection
	GlobalSection(ExtensibilityGlobals) = postSolution
		SolutionGuid = {0FD92FA9-1C2C-4B41-A7C9-8ED36EBAC5ED}
	EndGlobalSection
EndGlobal
