
Microsoft Visual Studio Solution File, Format Version 12.00
# Visual Studio Version 17
VisualStudioVersion = 17.1.32210.238
MinimumVisualStudioVersion = 10.0.40219.1
Project("{9A19103F-16F7-4668-BE54-9A1E7A4F7556}") = "GP_Diagnostic", "GP_Diagnostic\GP_Diagnostic.csproj", "{0A05ACD2-C4FC-4531-8793-125167189E13}"
EndProject
Global
	GlobalSection(SolutionConfigurationPlatforms) = preSolution
		Debug|Any CPU = Debug|Any CPU
		Release|Any CPU = Release|Any CPU
	EndGlobalSection
	GlobalSection(ProjectConfigurationPlatforms) = postSolution
		{0A05ACD2-C4FC-4531-8793-125167189E13}.Debug|Any CPU.ActiveCfg = Debug|Any CPU
		{0A05ACD2-C4FC-4531-8793-125167189E13}.Debug|Any CPU.Build.0 = Debug|Any CPU
		{0A05ACD2-C4FC-4531-8793-125167189E13}.Release|Any CPU.ActiveCfg = Release|Any CPU
		{0A05ACD2-C4FC-4531-8793-125167189E13}.Release|Any CPU.Build.0 = Release|Any CPU
	EndGlobalSection
	GlobalSection(SolutionProperties) = preSolution
		HideSolutionNode = FALSE
	EndGlobalSection
	GlobalSection(ExtensibilityGlobals) = postSolution
		SolutionGuid = {E0B15F2B-0790-4CB8-A178-A3F9C1040E82}
	EndGlobalSection
EndGlobal
