
Microsoft Visual Studio Solution File, Format Version 12.00
# Visual Studio Version 17
VisualStudioVersion = 17.4.33103.184
MinimumVisualStudioVersion = 10.0.40219.1
Project("{9A19103F-16F7-4668-BE54-9A1E7A4F7556}") = "TranslationsBuilder", "TranslationsBuilder\TranslationsBuilder.csproj", "{762E38DD-B9E1-4CDB-8A48-983B461E164D}"
EndProject
Project("{9A19103F-16F7-4668-BE54-9A1E7A4F7556}") = "TranslationsBuilderConsole", "TranslationBuilderConsole\TranslationsBuilderConsole.csproj", "{B7809DB4-BA73-4B39-8548-80496EE1C121}"
	ProjectSection(ProjectDependencies) = postProject
		{762E38DD-B9E1-4CDB-8A48-983B461E164D} = {762E38DD-B9E1-4CDB-8A48-983B461E164D}
	EndProjectSection
EndProject
Global
	GlobalSection(SolutionConfigurationPlatforms) = preSolution
		Debug|Any CPU = Debug|Any CPU
		Release|Any CPU = Release|Any CPU
	EndGlobalSection
	GlobalSection(ProjectConfigurationPlatforms) = postSolution
		{762E38DD-B9E1-4CDB-8A48-983B461E164D}.Debug|Any CPU.ActiveCfg = Debug|Any CPU
		{762E38DD-B9E1-4CDB-8A48-983B461E164D}.Debug|Any CPU.Build.0 = Debug|Any CPU
		{762E38DD-B9E1-4CDB-8A48-983B461E164D}.Release|Any CPU.ActiveCfg = Release|Any CPU
		{762E38DD-B9E1-4CDB-8A48-983B461E164D}.Release|Any CPU.Build.0 = Release|Any CPU
		{B7809DB4-BA73-4B39-8548-80496EE1C121}.Debug|Any CPU.ActiveCfg = Debug|Any CPU
		{B7809DB4-BA73-4B39-8548-80496EE1C121}.Debug|Any CPU.Build.0 = Debug|Any CPU
		{B7809DB4-BA73-4B39-8548-80496EE1C121}.Release|Any CPU.ActiveCfg = Release|Any CPU
		{B7809DB4-BA73-4B39-8548-80496EE1C121}.Release|Any CPU.Build.0 = Release|Any CPU
	EndGlobalSection
	GlobalSection(SolutionProperties) = preSolution
		HideSolutionNode = FALSE
	EndGlobalSection
	GlobalSection(ExtensibilityGlobals) = postSolution
		SolutionGuid = {FD739261-069A-485A-B63A-AC08D91798AD}
	EndGlobalSection
EndGlobal
